
Microsoft Visual Studio Solution File, Format Version 12.00
# Visual Studio Version 17
VisualStudioVersion = 17.4.33110.190
MinimumVisualStudioVersion = 10.0.40219.1
Project("{9A19103F-16F7-4668-BE54-9A1E7A4F7556}") = "Midterm", "Midterm.csproj", "{FE04E598-F49C-435A-95BF-9FD7084940ED}"
EndProject
Global
	GlobalSection(SolutionConfigurationPlatforms) = preSolution
		Debug|Any CPU = Debug|Any CPU
		Release|Any CPU = Release|Any CPU
	EndGlobalSection
	GlobalSection(ProjectConfigurationPlatforms) = postSolution
		{FE04E598-F49C-435A-95BF-9FD7084940ED}.Debug|Any CPU.ActiveCfg = Debug|Any CPU
		{FE04E598-F49C-435A-95BF-9FD7084940ED}.Debug|Any CPU.Build.0 = Debug|Any CPU
		{FE04E598-F49C-435A-95BF-9FD7084940ED}.Release|Any CPU.ActiveCfg = Release|Any CPU
		{FE04E598-F49C-435A-95BF-9FD7084940ED}.Release|Any CPU.Build.0 = Release|Any CPU
	EndGlobalSection
	GlobalSection(SolutionProperties) = preSolution
		HideSolutionNode = FALSE
	EndGlobalSection
	GlobalSection(ExtensibilityGlobals) = postSolution
		SolutionGuid = {40E1C34B-6E81-4A1B-A49F-E46E0CC4FA5B}
	EndGlobalSection
EndGlobal
